
Microsoft Visual Studio Solution File, Format Version 12.00
# Visual Studio Version 17
VisualStudioVersion = 17.6.33815.320
MinimumVisualStudioVersion = 10.0.40219.1
Project("{FAE04EC0-301F-11D3-BF4B-00C04F79EFBC}") = "ApplicationDomain", "ApplicationDomain\ApplicationDomain.csproj", "{71BA7859-B6C9-4747-9FCF-9047D86ACCA7}"
EndProject
Global
	GlobalSection(SolutionConfigurationPlatforms) = preSolution
		Debug|Any CPU = Debug|Any CPU
		Release|Any CPU = Release|Any CPU
	EndGlobalSection
	GlobalSection(ProjectConfigurationPlatforms) = postSolution
		{71BA7859-B6C9-4747-9FCF-9047D86ACCA7}.Debug|Any CPU.ActiveCfg = Debug|Any CPU
		{71BA7859-B6C9-4747-9FCF-9047D86ACCA7}.Debug|Any CPU.Build.0 = Debug|Any CPU
		{71BA7859-B6C9-4747-9FCF-9047D86ACCA7}.Release|Any CPU.ActiveCfg = Release|Any CPU
		{71BA7859-B6C9-4747-9FCF-9047D86ACCA7}.Release|Any CPU.Build.0 = Release|Any CPU
	EndGlobalSection
	GlobalSection(SolutionProperties) = preSolution
		HideSolutionNode = FALSE
	EndGlobalSection
	GlobalSection(ExtensibilityGlobals) = postSolution
		SolutionGuid = {521C5211-4FCB-4A9F-9A77-3BC00782CD17}
	EndGlobalSection
EndGlobal
