
Microsoft Visual Studio Solution File, Format Version 12.00
# Visual Studio Version 17
VisualStudioVersion = 17.6.33815.320
MinimumVisualStudioVersion = 10.0.40219.1
Project("{FAE04EC0-301F-11D3-BF4B-00C04F79EFBC}") = "ObjectSerialization", "ObjectSerialization\ObjectSerialization.csproj", "{53AB0D16-78EC-4D03-9ED8-DBD9DCF99009}"
EndProject
Project("{FAE04EC0-301F-11D3-BF4B-00C04F79EFBC}") = "ConfiguringObjectsForSerialization", "ConfiguringObjectsForSerialization\ConfiguringObjectsForSerialization.csproj", "{D4F3C48B-D95E-453E-A460-42FF9D7A5110}"
EndProject
Global
	GlobalSection(SolutionConfigurationPlatforms) = preSolution
		Debug|Any CPU = Debug|Any CPU
		Release|Any CPU = Release|Any CPU
	EndGlobalSection
	GlobalSection(ProjectConfigurationPlatforms) = postSolution
		{53AB0D16-78EC-4D03-9ED8-DBD9DCF99009}.Debug|Any CPU.ActiveCfg = Debug|Any CPU
		{53AB0D16-78EC-4D03-9ED8-DBD9DCF99009}.Debug|Any CPU.Build.0 = Debug|Any CPU
		{53AB0D16-78EC-4D03-9ED8-DBD9DCF99009}.Release|Any CPU.ActiveCfg = Release|Any CPU
		{53AB0D16-78EC-4D03-9ED8-DBD9DCF99009}.Release|Any CPU.Build.0 = Release|Any CPU
		{D4F3C48B-D95E-453E-A460-42FF9D7A5110}.Debug|Any CPU.ActiveCfg = Debug|Any CPU
		{D4F3C48B-D95E-453E-A460-42FF9D7A5110}.Debug|Any CPU.Build.0 = Debug|Any CPU
		{D4F3C48B-D95E-453E-A460-42FF9D7A5110}.Release|Any CPU.ActiveCfg = Release|Any CPU
		{D4F3C48B-D95E-453E-A460-42FF9D7A5110}.Release|Any CPU.Build.0 = Release|Any CPU
	EndGlobalSection
	GlobalSection(SolutionProperties) = preSolution
		HideSolutionNode = FALSE
	EndGlobalSection
	GlobalSection(ExtensibilityGlobals) = postSolution
		SolutionGuid = {45E3639F-88DA-46D2-B7E1-18CFF1E8D897}
	EndGlobalSection
EndGlobal
