
Microsoft Visual Studio Solution File, Format Version 12.00
# Visual Studio Version 17
VisualStudioVersion = 17.6.33815.320
MinimumVisualStudioVersion = 10.0.40219.1
Project("{FAE04EC0-301F-11D3-BF4B-00C04F79EFBC}") = "ObjectContextApp", "ObjectContextApp\ObjectContextApp.csproj", "{8467CC29-77F3-4FE8-80BA-D8BB2FBA9494}"
EndProject
Global
	GlobalSection(SolutionConfigurationPlatforms) = preSolution
		Debug|Any CPU = Debug|Any CPU
		Release|Any CPU = Release|Any CPU
	EndGlobalSection
	GlobalSection(ProjectConfigurationPlatforms) = postSolution
		{8467CC29-77F3-4FE8-80BA-D8BB2FBA9494}.Debug|Any CPU.ActiveCfg = Debug|Any CPU
		{8467CC29-77F3-4FE8-80BA-D8BB2FBA9494}.Debug|Any CPU.Build.0 = Debug|Any CPU
		{8467CC29-77F3-4FE8-80BA-D8BB2FBA9494}.Release|Any CPU.ActiveCfg = Release|Any CPU
		{8467CC29-77F3-4FE8-80BA-D8BB2FBA9494}.Release|Any CPU.Build.0 = Release|Any CPU
	EndGlobalSection
	GlobalSection(SolutionProperties) = preSolution
		HideSolutionNode = FALSE
	EndGlobalSection
	GlobalSection(ExtensibilityGlobals) = postSolution
		SolutionGuid = {C022C543-ED74-4358-8627-4B2035A54F88}
	EndGlobalSection
EndGlobal
