
Microsoft Visual Studio Solution File, Format Version 12.00
# Visual Studio Version 17
VisualStudioVersion = 17.6.33815.320
MinimumVisualStudioVersion = 10.0.40219.1
Project("{FAE04EC0-301F-11D3-BF4B-00C04F79EFBC}") = "Delegate", "Delegate\Delegate.csproj", "{EFF5BD31-804E-4344-ADEF-8DF92B7E6D91}"
EndProject
Project("{FAE04EC0-301F-11D3-BF4B-00C04F79EFBC}") = "Event", "Event\Event.csproj", "{4469D57B-4A75-484D-AFB8-C4077031E5DC}"
EndProject
Project("{FAE04EC0-301F-11D3-BF4B-00C04F79EFBC}") = "CustomEventArgs", "CustomEventArgs\CustomEventArgs.csproj", "{5D4913E6-71F6-4E77-824C-01501226EAF2}"
EndProject
Project("{FAE04EC0-301F-11D3-BF4B-00C04F79EFBC}") = "HandleEvent", "HandleEvent\HandleEvent.csproj", "{973FC3EB-8C88-4F44-A71A-639B4C82010F}"
EndProject
Project("{FAE04EC0-301F-11D3-BF4B-00C04F79EFBC}") = "AnonymousMethod", "AnonymousMethod\AnonymousMethod.csproj", "{99A29576-351C-4B7C-8219-34235D9AAE45}"
EndProject
Global
	GlobalSection(SolutionConfigurationPlatforms) = preSolution
		Debug|Any CPU = Debug|Any CPU
		Release|Any CPU = Release|Any CPU
	EndGlobalSection
	GlobalSection(ProjectConfigurationPlatforms) = postSolution
		{EFF5BD31-804E-4344-ADEF-8DF92B7E6D91}.Debug|Any CPU.ActiveCfg = Debug|Any CPU
		{EFF5BD31-804E-4344-ADEF-8DF92B7E6D91}.Debug|Any CPU.Build.0 = Debug|Any CPU
		{EFF5BD31-804E-4344-ADEF-8DF92B7E6D91}.Release|Any CPU.ActiveCfg = Release|Any CPU
		{EFF5BD31-804E-4344-ADEF-8DF92B7E6D91}.Release|Any CPU.Build.0 = Release|Any CPU
		{4469D57B-4A75-484D-AFB8-C4077031E5DC}.Debug|Any CPU.ActiveCfg = Debug|Any CPU
		{4469D57B-4A75-484D-AFB8-C4077031E5DC}.Debug|Any CPU.Build.0 = Debug|Any CPU
		{4469D57B-4A75-484D-AFB8-C4077031E5DC}.Release|Any CPU.ActiveCfg = Release|Any CPU
		{4469D57B-4A75-484D-AFB8-C4077031E5DC}.Release|Any CPU.Build.0 = Release|Any CPU
		{5D4913E6-71F6-4E77-824C-01501226EAF2}.Debug|Any CPU.ActiveCfg = Debug|Any CPU
		{5D4913E6-71F6-4E77-824C-01501226EAF2}.Debug|Any CPU.Build.0 = Debug|Any CPU
		{5D4913E6-71F6-4E77-824C-01501226EAF2}.Release|Any CPU.ActiveCfg = Release|Any CPU
		{5D4913E6-71F6-4E77-824C-01501226EAF2}.Release|Any CPU.Build.0 = Release|Any CPU
		{973FC3EB-8C88-4F44-A71A-639B4C82010F}.Debug|Any CPU.ActiveCfg = Debug|Any CPU
		{973FC3EB-8C88-4F44-A71A-639B4C82010F}.Debug|Any CPU.Build.0 = Debug|Any CPU
		{973FC3EB-8C88-4F44-A71A-639B4C82010F}.Release|Any CPU.ActiveCfg = Release|Any CPU
		{973FC3EB-8C88-4F44-A71A-639B4C82010F}.Release|Any CPU.Build.0 = Release|Any CPU
		{99A29576-351C-4B7C-8219-34235D9AAE45}.Debug|Any CPU.ActiveCfg = Debug|Any CPU
		{99A29576-351C-4B7C-8219-34235D9AAE45}.Debug|Any CPU.Build.0 = Debug|Any CPU
		{99A29576-351C-4B7C-8219-34235D9AAE45}.Release|Any CPU.ActiveCfg = Release|Any CPU
		{99A29576-351C-4B7C-8219-34235D9AAE45}.Release|Any CPU.Build.0 = Release|Any CPU
	EndGlobalSection
	GlobalSection(SolutionProperties) = preSolution
		HideSolutionNode = FALSE
	EndGlobalSection
	GlobalSection(ExtensibilityGlobals) = postSolution
		SolutionGuid = {C80AE65B-92F7-4A6B-9ECE-F11A4A128AD3}
	EndGlobalSection
EndGlobal
